"@babel/runtime@^7.13.10":
  version "7.27.0"
  resolved "https://registry.npmjs.org/@babel/runtime/-/runtime-7.27.0.tgz"
  integrity sha512-VtPOkrdPHZsKc/clNqyi9WUA8TINkZ4cGk63UUE3u4pmB2k+ZMQRDuIOagv8UVd6j7k0T3+RRIb7beKTebNbcw==
  dependencies:
    regenerator-runtime "^0.14.0"

"@hookform/resolvers@^3.3.4":
  version "3.10.0"
  resolved "https://registry.npmjs.org/@hookform/resolvers/-/resolvers-3.10.0.tgz"
  integrity sha512-79Dv+3mDF7i+2ajj7SkypSKHhl1cbln1OGavqrsF7p6mbUv11xpqpacPsGDCTRvCSjEEIez2ef1NveSVL3b0Ag==

"@humanwhocodes/config-array@^0.13.0":
  version "0.13.0"
  resolved "https://registry.npmjs.org/@humanwhocodes/config-array/-/config-array-0.13.0.tgz"
  integrity sha512-DZLEEqFWQFiyK6h5YIeynKx7JlvCYWL0cImfSRXZ9l4Sg2efkFGTuFf6vzXjK1cq6IYkU+Eg/JizXw+TD2vRNw==
  dependencies:
    "@humanwhocodes/object-schema" "^2.0.3"
    debug "^4.3.1"
    minimatch "^3.0.5"

"@humanwhocodes/module-importer@^1.0.1":
  version "1.0.1"
  resolved "https://registry.npmjs.org/@humanwhocodes/module-importer/-/module-importer-1.0.1.tgz"
  integrity sha512-bxveV4V8v5Yb4ncFTT3rPSgZBOpCkjfK0y4oVVVJwIuDVBRMDXrPyXRL988i5ap9m9bnyEEjWfm5WkBmtffLfA==

"@humanwhocodes/object-schema@^2.0.3":
  version "2.0.3"
  resolved "https://registry.npmjs.org/@humanwhocodes/object-schema/-/object-schema-2.0.3.tgz"
  integrity sha512-UASk9zi+crv9WteK/NU4PLvOoL3OuE6BWVKNF6hPRBtYBDXQ2u5iu3O59zUlJiTVvkyuycnqrztsHVJwcK9K+Q==

"@radix-ui/react-compose-refs@1.0.0":
  version "1.0.0"
  resolved "https://registry.npmjs.org/@radix-ui/react-compose-refs/-/react-compose-refs-1.0.0.tgz"
  integrity sha512-0KaSv6sx787/hK3eF53iOkiSLwAGlFMx5lotrqD2pTjB18KbybKoEIgkNZTKC60YECDQTKGTRcDBILwZVqVKvA==
  dependencies:
    "@babel/runtime" "^7.13.10"

"@radix-ui/react-context@1.0.0":
  version "1.0.0"
  resolved "https://registry.npmjs.org/@radix-ui/react-context/-/react-context-1.0.0.tgz"
  integrity sha512-1pVM9RfOQ+n/N5PJK33kRSKsr1glNxomxONs5c49MliinBY6Yw2Q995qfBUUo0/Mbg05B/sGA0gkgPI7kmSHBg==
  dependencies:
    "@babel/runtime" "^7.13.10"

"@radix-ui/react-dialog@1.0.0":
  version "1.0.0"
  resolved "https://registry.npmjs.org/@radix-ui/react-dialog/-/react-dialog-1.0.0.tgz"
  integrity sha512-Yn9YU+QlHYLWwV1XfKiqnGVpWYWk6MeBVM6x/bcoyPvxgjQGoeT35482viLPctTMWoMw0PoHgqfSox7Ig+957Q==
  dependencies:
    "@babel/runtime" "^7.13.10"
    "@radix-ui/primitive" "1.0.0"
    "@radix-ui/react-compose-refs" "1.0.0"
    "@radix-ui/react-context" "1.0.0"
    "@radix-ui/react-dismissable-layer" "1.0.0"
    "@radix-ui/react-focus-guards" "1.0.0"
    "@radix-ui/react-focus-scope" "1.0.0"
    "@radix-ui/react-id" "1.0.0"
    "@radix-ui/react-portal" "1.0.0"
    "@radix-ui/react-presence" "1.0.0"
    "@radix-ui/react-primitive" "1.0.0"
    "@radix-ui/react-slot" "1.0.0"
    "@radix-ui/react-use-controllable-state" "1.0.0"
    aria-hidden "^1.1.1"
    react-remove-scroll "2.5.4"

"@radix-ui/react-dismissable-layer@1.0.0":
  version "1.0.0"
  resolved "https://registry.npmjs.org/@radix-ui/react-dismissable-layer/-/react-dismissable-layer-1.0.0.tgz"
  integrity sha512-n7kDRfx+LB1zLueRDvZ1Pd0bxdJWDUZNQ/GWoxDn2prnuJKRdxsjulejX/ePkOsLi2tTm6P24mDqlMSgQpsT6g==
  dependencies:
    "@babel/runtime" "^7.13.10"
    "@radix-ui/primitive" "1.0.0"
    "@radix-ui/react-compose-refs" "1.0.0"
    "@radix-ui/react-primitive" "1.0.0"
    "@radix-ui/react-use-callback-ref" "1.0.0"
    "@radix-ui/react-use-escape-keydown" "1.0.0"

"@radix-ui/react-focus-guards@1.0.0":
  version "1.0.0"
  resolved "https://registry.npmjs.org/@radix-ui/react-focus-guards/-/react-focus-guards-1.0.0.tgz"
  integrity sha512-UagjDk4ijOAnGu4WMUPj9ahi7/zJJqNZ9ZAiGPp7waUWJO0O1aWXi/udPphI0IUjvrhBsZJGSN66dR2dsueLWQ==
  dependencies:
    "@babel/runtime" "^7.13.10"

"@radix-ui/react-focus-scope@1.0.0":
  version "1.0.0"
  resolved "https://registry.npmjs.org/@radix-ui/react-focus-scope/-/react-focus-scope-1.0.0.tgz"
  integrity sha512-C4SWtsULLGf/2L4oGeIHlvWQx7Rf+7cX/vKOAD2dXW0A1b5QXwi3wWeaEgW+wn+SEVrraMUk05vLU9fZZz5HbQ==
  dependencies:
    "@babel/runtime" "^7.13.10"
    "@radix-ui/react-compose-refs" "1.0.0"
    "@radix-ui/react-primitive" "1.0.0"
    "@radix-ui/react-use-callback-ref" "1.0.0"

"@radix-ui/react-id@1.0.0":
  version "1.0.0"
  resolved "https://registry.npmjs.org/@radix-ui/react-id/-/react-id-1.0.0.tgz"
  integrity sha512-Q6iAB/U7Tq3NTolBBQbHTgclPmGWE3OlktGGqrClPozSw4vkQ1DfQAOtzgRPecKsMdJINE05iaoDUG8tRzCBjw==
  dependencies:
    "@babel/runtime" "^7.13.10"
    "@radix-ui/react-use-layout-effect" "1.0.0"

"@radix-ui/react-portal@1.0.0":
  version "1.0.0"
  resolved "https://registry.npmjs.org/@radix-ui/react-portal/-/react-portal-1.0.0.tgz"
  integrity sha512-a8qyFO/Xb99d8wQdu4o7qnigNjTPG123uADNecz0eX4usnQEj7o+cG4ZX4zkqq98NYekT7UoEQIjxBNWIFuqTA==
  dependencies:
    "@babel/runtime" "^7.13.10"
    "@radix-ui/react-primitive" "1.0.0"

"@radix-ui/react-presence@1.0.0":
  version "1.0.0"
  resolved "https://registry.npmjs.org/@radix-ui/react-presence/-/react-presence-1.0.0.tgz"
  integrity sha512-A+6XEvN01NfVWiKu38ybawfHsBjWum42MRPnEuqPsBZ4eV7e/7K321B5VgYMPv3Xx5An6o1/l9ZuDBgmcmWK3w==
  dependencies:
    "@babel/runtime" "^7.13.10"
    "@radix-ui/react-compose-refs" "1.0.0"
    "@radix-ui/react-use-layout-effect" "1.0.0"

"@radix-ui/react-primitive@1.0.0":
  version "1.0.0"
  resolved "https://registry.npmjs.org/@radix-ui/react-primitive/-/react-primitive-1.0.0.tgz"
  integrity sha512-EyXe6mnRlHZ8b6f4ilTDrXmkLShICIuOTTj0GX4w1rp+wSxf3+TD05u1UOITC8VsJ2a9nwHvdXtOXEOl0Cw/zQ==
  dependencies:
    "@babel/runtime" "^7.13.10"
    "@radix-ui/react-slot" "1.0.0"

"@radix-ui/react-use-callback-ref@1.0.0":
  version "1.0.0"
  resolved "https://registry.npmjs.org/@radix-ui/react-use-callback-ref/-/react-use-callback-ref-1.0.0.tgz"
  integrity sha512-GZtyzoHz95Rhs6S63D2t/eqvdFCm7I+yHMLVQheKM7nBD8mbZIt+ct1jz4536MDnaOGKIxynJ8eHTkVGVVkoTg==
  dependencies:
    "@babel/runtime" "^7.13.10"

"@radix-ui/react-use-controllable-state@1.0.0":
  version "1.0.0"
  resolved "https://registry.npmjs.org/@radix-ui/react-use-controllable-state/-/react-use-controllable-state-1.0.0.tgz"
  integrity sha512-FohDoZvk3mEXh9AWAVyRTYR4Sq7/gavuofglmiXB2g1aKyboUD4YtgWxKj8O5n+Uak52gXQ4wKz5IFST4vtJHg==
  dependencies:
    "@babel/runtime" "^7.13.10"
    "@radix-ui/react-use-callback-ref" "1.0.0"

"@radix-ui/react-use-escape-keydown@1.0.0":
  version "1.0.0"
  resolved "https://registry.npmjs.org/@radix-ui/react-use-escape-keydown/-/react-use-escape-keydown-1.0.0.tgz"
  integrity sha512-JwfBCUIfhXRxKExgIqGa4CQsiMemo1Xt0W/B4ei3fpzpvPENKpMKQ8mZSB6Acj3ebrAEgi2xiQvcI1PAAodvyg==
  dependencies:
    "@babel/runtime" "^7.13.10"
    "@radix-ui/react-use-callback-ref" "1.0.0"

"@radix-ui/react-use-layout-effect@1.0.0":
  version "1.0.0"
  resolved "https://registry.npmjs.org/@radix-ui/react-use-layout-effect/-/react-use-layout-effect-1.0.0.tgz"
  integrity sha512-6Tpkq+R6LOlmQb1R5NNETLG0B4YP0wc+klfXafpUCj6JGyaUc8il7/kUZ7m59rGbXGczE9Bs+iz2qloqsZBduQ==
  dependencies:
    "@babel/runtime" "^7.13.10"

"@supabase/supabase-js@^2.39.3":
  version "2.49.4"
  resolved "https://registry.npmjs.org/@supabase/supabase-js/-/supabase-js-2.49.4.tgz"
  integrity sha512-jUF0uRUmS8BKt37t01qaZ88H9yV1mbGYnqLeuFWLcdV+x1P4fl0yP9DGtaEhFPZcwSom7u16GkLEH9QJZOqOkw==
  dependencies:
    "@supabase/auth-js" "2.69.1"
    "@supabase/functions-js" "2.4.4"
    "@supabase/node-fetch" "2.6.15"
    "@supabase/postgrest-js" "1.19.4"
    "@supabase/realtime-js" "2.11.2"
    "@supabase/storage-js" "2.7.1"

"@typescript-eslint/eslint-plugin@^6.21.0":
  version "6.21.0"
  resolved "https://registry.npmjs.org/@typescript-eslint/eslint-plugin/-/eslint-plugin-6.21.0.tgz"
  integrity sha512-oy9+hTPCUFpngkEZUSzbf9MxI65wbKFoQYsgPdILTfbUldp5ovUuphZVe4i30emU9M/kP+T64Di0mxl7dSw3MA==
  dependencies:
    "@eslint-community/regexpp" "^4.5.1"
    "@typescript-eslint/scope-manager" "6.21.0"
    "@typescript-eslint/type-utils" "6.21.0"
    "@typescript-eslint/utils" "6.21.0"
    "@typescript-eslint/visitor-keys" "6.21.0"
    debug "^4.3.4"
    graphemer "^1.4.0"
    ignore "^5.2.4"
    natural-compare "^1.4.0"
    semver "^7.5.4"
    ts-api-utils "^1.0.1"

"@typescript-eslint/parser@^6.21.0":
  version "6.21.0"
  resolved "https://registry.npmjs.org/@typescript-eslint/parser/-/parser-6.21.0.tgz"
  integrity sha512-tBBb5CXDJW3t2mo9WlO7r6GTmWV0F0uzHZVFmlRmYpiSK1CDU5IKojP1pm7oknpBOrFZx/YgBRW9oorPO2S/Lg==
  dependencies:
    "@typescript-eslint/scope-manager" "6.21.0"
    "@typescript-eslint/types" "6.21.0"
    "@typescript-eslint/typescript-estree" "6.21.0"
    "@typescript-eslint/visitor-keys" "6.21.0"
    debug "^4.3.4"

"@typescript-eslint/scope-manager@6.21.0":
  version "6.21.0"
  resolved "https://registry.npmjs.org/@typescript-eslint/scope-manager/-/scope-manager-6.21.0.tgz"
  integrity sha512-EJUrI8yYh7WOjNOqpoJaf1jlFIH2LvtgAl+YcFqNCa+4hj64ZXmPkAKOFs/ukjz3byN6bdb/AVUqHkI8/uWWMA==
  dependencies:
    "@typescript-eslint/types" "6.21.0"
    "@typescript-eslint/visitor-keys" "6.21.0"

"@typescript-eslint/type-utils@6.21.0":
  version "6.21.0"
  resolved "https://registry.npmjs.org/@typescript-eslint/type-utils/-/type-utils-6.21.0.tgz"
  integrity sha512-zgMQWkNO169GtGqRvYrzb0Zf8NhMHS2DuEB/TiEmVnpr5OqPU3i8lfbxaAmC2J/KYuIQxyoQQ6DxepyXp61/xw==
  dependencies:
    "@typescript-eslint/typescript-estree" "6.21.0"
    "@typescript-eslint/utils" "6.21.0"
    debug "^4.3.4"
    ts-api-utils "^1.0.1"

"@typescript-eslint/types@6.21.0":
  version "6.21.0"
  resolved "https://registry.npmjs.org/@typescript-eslint/types/-/types-6.21.0.tgz"
  integrity sha512-emqcG3vHrpxUKTrxcblR36dcrcoRDvKmnL/dCL6ZsHaShW80qxCAcNhzQZrpeM765VzEos+xOi4s+r4IXzTwdQ==
  dependencies:
    "@typescript-eslint/helper-string-parser" "^7.25.9"
    "@typescript-eslint/helper-validator-identifier" "^7.25.9"

"@typescript-eslint/typescript-estree@6.21.0":
  version "6.21.0"
  resolved "https://registry.npmjs.org/@typescript-eslint/typescript-estree/-/typescript-estree-6.21.0.tgz"
  integrity sha512-zxwE80FCU7lcXUGWkdt6XpTTCKPitG1XKOwViTxHVKIJhZl9MvIl2dVHeZENCWD9+EdWv05wlaEkRXUykU27RA==
  dependencies:
    "@typescript-eslint/types" "6.21.0"
    "@typescript-eslint/visitor-keys" "6.21.0"
    debug "^4.3.4"
    globby "^11.1.0"
    is-glob "^4.0.3"
    minimatch "9.0.3"
    semver "^7.5.4"
    ts-api-utils "^1.0.1"

"@typescript-eslint/utils@6.21.0":
  version "6.21.0"
  resolved "https://registry.npmjs.org/@typescript-eslint/utils/-/utils-6.21.0.tgz"
  integrity sha512-CasTfvsy+frcFkbXtSJ2Zu9JHpN8TYKxkgJGWbjiZhFivxaeW7rMeZt7QELGVLaYVfFMsKHjb7Ak0nMEe+2Vfw==
  dependencies:
    "@eslint-community/eslint-utils" "^4.4.0"
    "@types/json-schema" "^7.0.12"
    "@types/semver" "^7.5.0"
    "@typescript-eslint/scope-manager" "6.21.0"
    "@typescript-eslint/types" "6.21.0"
    "@typescript-eslint/typescript-estree" "6.21.0"
    semver "^7.5.4"

"@typescript-eslint/visitor-keys@6.21.0":
  version "6.21.0"
  resolved "https://registry.npmjs.org/@typescript-eslint/visitor-keys/-/visitor-keys-6.21.0.tgz"
  integrity sha512-JTkJFQ4zNAUTjGdDL5dcl/U8ntOR6jsnhxKb5RKp5Ozwl88xKR9EqRZOe/Mk8tnx0x5tNUe2F+MzsyjqMg0MA==
  dependencies:
    "@typescript-eslint/types" "6.21.0"
    eslint-visitor-keys "^3.4.1"

typescript@^5.2.2:
  version "5.8.3"
  resolved "https://registry.npmjs.org/typescript/-/typescript-5.8.3.tgz"
  integrity sha512-p1diW6TqL9L07nNxvRMM7hMMw4c5XOo/1ibL4aAIGmSAt9slTE1Xgw5KWuof2uTOvCg9BY7ZRi+GaF+7sfgPeQ==